
Microsoft Visual Studio Solution File, Format Version 12.00
# Visual Studio Version 17
VisualStudioVersion = 17.11.35312.102
MinimumVisualStudioVersion = 10.0.40219.1
Project("{FAE04EC0-301F-11D3-BF4B-00C04F79EFBC}") = "WpfApp07", "WpfApp07\WpfApp07.csproj", "{593F41EC-EFC3-4D39-A878-F504FA1513A6}"
EndProject
Project("{FAE04EC0-301F-11D3-BF4B-00C04F79EFBC}") = "Data", "Data\Data.csproj", "{9456BE3A-A425-411F-B15A-A232B8A4066C}"
EndProject
Project("{FAE04EC0-301F-11D3-BF4B-00C04F79EFBC}") = "Business", "Business\Business.csproj", "{B5921DEA-3954-44EC-819F-23A13C66BE2A}"
EndProject
Project("{FAE04EC0-301F-11D3-BF4B-00C04F79EFBC}") = "Entity", "Entity\Entity.csproj", "{687D020C-4F7F-485A-AEEE-E4C4616C67C3}"
EndProject
Global
	GlobalSection(SolutionConfigurationPlatforms) = preSolution
		Debug|Any CPU = Debug|Any CPU
		Release|Any CPU = Release|Any CPU
	EndGlobalSection
	GlobalSection(ProjectConfigurationPlatforms) = postSolution
		{593F41EC-EFC3-4D39-A878-F504FA1513A6}.Debug|Any CPU.ActiveCfg = Debug|Any CPU
		{593F41EC-EFC3-4D39-A878-F504FA1513A6}.Debug|Any CPU.Build.0 = Debug|Any CPU
		{593F41EC-EFC3-4D39-A878-F504FA1513A6}.Release|Any CPU.ActiveCfg = Release|Any CPU
		{593F41EC-EFC3-4D39-A878-F504FA1513A6}.Release|Any CPU.Build.0 = Release|Any CPU
		{9456BE3A-A425-411F-B15A-A232B8A4066C}.Debug|Any CPU.ActiveCfg = Debug|Any CPU
		{9456BE3A-A425-411F-B15A-A232B8A4066C}.Debug|Any CPU.Build.0 = Debug|Any CPU
		{9456BE3A-A425-411F-B15A-A232B8A4066C}.Release|Any CPU.ActiveCfg = Release|Any CPU
		{9456BE3A-A425-411F-B15A-A232B8A4066C}.Release|Any CPU.Build.0 = Release|Any CPU
		{B5921DEA-3954-44EC-819F-23A13C66BE2A}.Debug|Any CPU.ActiveCfg = Debug|Any CPU
		{B5921DEA-3954-44EC-819F-23A13C66BE2A}.Debug|Any CPU.Build.0 = Debug|Any CPU
		{B5921DEA-3954-44EC-819F-23A13C66BE2A}.Release|Any CPU.ActiveCfg = Release|Any CPU
		{B5921DEA-3954-44EC-819F-23A13C66BE2A}.Release|Any CPU.Build.0 = Release|Any CPU
		{687D020C-4F7F-485A-AEEE-E4C4616C67C3}.Debug|Any CPU.ActiveCfg = Debug|Any CPU
		{687D020C-4F7F-485A-AEEE-E4C4616C67C3}.Debug|Any CPU.Build.0 = Debug|Any CPU
		{687D020C-4F7F-485A-AEEE-E4C4616C67C3}.Release|Any CPU.ActiveCfg = Release|Any CPU
		{687D020C-4F7F-485A-AEEE-E4C4616C67C3}.Release|Any CPU.Build.0 = Release|Any CPU
	EndGlobalSection
	GlobalSection(SolutionProperties) = preSolution
		HideSolutionNode = FALSE
	EndGlobalSection
	GlobalSection(ExtensibilityGlobals) = postSolution
		SolutionGuid = {CB69554A-20F2-4548-B4BA-B067ECD24321}
	EndGlobalSection
EndGlobal
